// !$*UTF8*$!
{
	archiveVersion = 1;
	classes = {
	};
	objectVersion = 55;
	objects = {

/* Begin PBXBuildFile section */
		3BF023BF2803228300542364 /* AppDelegate.swift in Sources */ = {isa = PBXBuildFile; fileRef = 3BF023BE2803228300542364 /* AppDelegate.swift */; };
		3BF023C12803228300542364 /* SceneDelegate.swift in Sources */ = {isa = PBXBuildFile; fileRef = 3BF023C02803228300542364 /* SceneDelegate.swift */; };
		3BF023C32803228300542364 /* ViewController.swift in Sources */ = {isa = PBXBuildFile; fileRef = 3BF023C22803228300542364 /* ViewController.swift */; };
		3BF023C62803228300542364 /* Main.storyboard in Resources */ = {isa = PBXBuildFile; fileRef = 3BF023C42803228300542364 /* Main.storyboard */; };
		3BF023C92803228300542364 /* Todo_List.xcdatamodeld in Sources */ = {isa = PBXBuildFile; fileRef = 3BF023C72803228300542364 /* Todo_List.xcdatamodeld */; };
		3BF023CB2803228400542364 /* Assets.xcassets in Resources */ = {isa = PBXBuildFile; fileRef = 3BF023CA2803228400542364 /* Assets.xcassets */; };
		3BF023CE2803228400542364 /* LaunchScreen.storyboard in Resources */ = {isa = PBXBuildFile; fileRef = 3BF023CC2803228400542364 /* LaunchScreen.storyboard */; };
		3BF023D92803230800542364 /* ListViewController.swift in Sources */ = {isa = PBXBuildFile; fileRef = 3BF023D82803230800542364 /* ListViewController.swift */; };
		3BF023DC280327FF00542364 /* ListCell.swift in Sources */ = {isa = PBXBuildFile; fileRef = 3BF023DB280327FF00542364 /* ListCell.swift */; };
		3BF023DF28032B3500542364 /* RandomColor.swift in Sources */ = {isa = PBXBuildFile; fileRef = 3BF023DE28032B3500542364 /* RandomColor.swift */; };
		3BF023E128032CD900542364 /* TodoViewController.swift in Sources */ = {isa = PBXBuildFile; fileRef = 3BF023E028032CD900542364 /* TodoViewController.swift */; };
		3BF023E528033B9400542364 /* DataManager.swift in Sources */ = {isa = PBXBuildFile; fileRef = 3BF023E428033B9400542364 /* DataManager.swift */; };
		3BF023E728033C3900542364 /* DataManager+List.swift in Sources */ = {isa = PBXBuildFile; fileRef = 3BF023E628033C3900542364 /* DataManager+List.swift */; };
		3BF023E9280344ED00542364 /* ViewValues.swift in Sources */ = {isa = PBXBuildFile; fileRef = 3BF023E8280344ED00542364 /* ViewValues.swift */; };
		3BF023EB2803468C00542364 /* TextValues.swift in Sources */ = {isa = PBXBuildFile; fileRef = 3BF023EA2803468C00542364 /* TextValues.swift */; };
		3BF023ED2803476F00542364 /* Icons.swift in Sources */ = {isa = PBXBuildFile; fileRef = 3BF023EC2803476F00542364 /* Icons.swift */; };
/* End PBXBuildFile section */

/* Begin PBXFileReference section */
		3BF023BB2803228300542364 /* Todo List.app */ = {isa = PBXFileReference; explicitFileType = wrapper.application; includeInIndex = 0; path = "Todo List.app"; sourceTree = BUILT_PRODUCTS_DIR; };
		3BF023BE2803228300542364 /* AppDelegate.swift */ = {isa = PBXFileReference; lastKnownFileType = sourcecode.swift; path = AppDelegate.swift; sourceTree = "<group>"; };
		3BF023C02803228300542364 /* SceneDelegate.swift */ = {isa = PBXFileReference; lastKnownFileType = sourcecode.swift; path = SceneDelegate.swift; sourceTree = "<group>"; };
		3BF023C22803228300542364 /* ViewController.swift */ = {isa = PBXFileReference; lastKnownFileType = sourcecode.swift; path = ViewController.swift; sourceTree = "<group>"; };
		3BF023C52803228300542364 /* Base */ = {isa = PBXFileReference; lastKnownFileType = file.storyboard; name = Base; path = Base.lproj/Main.storyboard; sourceTree = "<group>"; };
		3BF023C82803228300542364 /* Todo_List.xcdatamodel */ = {isa = PBXFileReference; lastKnownFileType = wrapper.xcdatamodel; path = Todo_List.xcdatamodel; sourceTree = "<group>"; };
		3BF023CA2803228400542364 /* Assets.xcassets */ = {isa = PBXFileReference; lastKnownFileType = folder.assetcatalog; path = Assets.xcassets; sourceTree = "<group>"; };
		3BF023CD2803228400542364 /* Base */ = {isa = PBXFileReference; lastKnownFileType = file.storyboard; name = Base; path = Base.lproj/LaunchScreen.storyboard; sourceTree = "<group>"; };
		3BF023CF2803228400542364 /* Info.plist */ = {isa = PBXFileReference; lastKnownFileType = text.plist.xml; path = Info.plist; sourceTree = "<group>"; };
		3BF023D82803230800542364 /* ListViewController.swift */ = {isa = PBXFileReference; lastKnownFileType = sourcecode.swift; path = ListViewController.swift; sourceTree = "<group>"; };
		3BF023DB280327FF00542364 /* ListCell.swift */ = {isa = PBXFileReference; lastKnownFileType = sourcecode.swift; path = ListCell.swift; sourceTree = "<group>"; };
		3BF023DE28032B3500542364 /* RandomColor.swift */ = {isa = PBXFileReference; lastKnownFileType = sourcecode.swift; path = RandomColor.swift; sourceTree = "<group>"; };
		3BF023E028032CD900542364 /* TodoViewController.swift */ = {isa = PBXFileReference; lastKnownFileType = sourcecode.swift; path = TodoViewController.swift; sourceTree = "<group>"; };
		3BF023E428033B9400542364 /* DataManager.swift */ = {isa = PBXFileReference; lastKnownFileType = sourcecode.swift; path = DataManager.swift; sourceTree = "<group>"; };
		3BF023E628033C3900542364 /* DataManager+List.swift */ = {isa = PBXFileReference; lastKnownFileType = sourcecode.swift; path = "DataManager+List.swift"; sourceTree = "<group>"; };
		3BF023E8280344ED00542364 /* ViewValues.swift */ = {isa = PBXFileReference; lastKnownFileType = sourcecode.swift; path = ViewValues.swift; sourceTree = "<group>"; };
		3BF023EA2803468C00542364 /* TextValues.swift */ = {isa = PBXFileReference; lastKnownFileType = sourcecode.swift; path = TextValues.swift; sourceTree = "<group>"; };
		3BF023EC2803476F00542364 /* Icons.swift */ = {isa = PBXFileReference; lastKnownFileType = sourcecode.swift; path = Icons.swift; sourceTree = "<group>"; };
/* End PBXFileReference section */

/* Begin PBXFrameworksBuildPhase section */
		3BF023B82803228300542364 /* Frameworks */ = {
			isa = PBXFrameworksBuildPhase;
			buildActionMask = 2147483647;
			files = (
			);
			runOnlyForDeploymentPostprocessing = 0;
		};
/* End PBXFrameworksBuildPhase section */

/* Begin PBXGroup section */
		3BF023B22803228300542364 = {
			isa = PBXGroup;
			children = (
				3BF023BD2803228300542364 /* Todo List */,
				3BF023BC2803228300542364 /* Products */,
			);
			sourceTree = "<group>";
		};
		3BF023BC2803228300542364 /* Products */ = {
			isa = PBXGroup;
			children = (
				3BF023BB2803228300542364 /* Todo List.app */,
			);
			name = Products;
			sourceTree = "<group>";
		};
		3BF023BD2803228300542364 /* Todo List */ = {
			isa = PBXGroup;
			children = (
				3BF023E228033B6F00542364 /* Storage */,
				3BF023DD28032B2400542364 /* Utils */,
				3BF023D5280322C900542364 /* Modules */,
				3BF023BE2803228300542364 /* AppDelegate.swift */,
				3BF023C02803228300542364 /* SceneDelegate.swift */,
				3BF023C22803228300542364 /* ViewController.swift */,
				3BF023C42803228300542364 /* Main.storyboard */,
				3BF023CA2803228400542364 /* Assets.xcassets */,
				3BF023CC2803228400542364 /* LaunchScreen.storyboard */,
				3BF023CF2803228400542364 /* Info.plist */,
			);
			path = "Todo List";
			sourceTree = "<group>";
		};
		3BF023D5280322C900542364 /* Modules */ = {
			isa = PBXGroup;
			children = (
				3BF023D7280322DE00542364 /* Todo */,
				3BF023D6280322D500542364 /* List */,
			);
			path = Modules;
			sourceTree = "<group>";
		};
		3BF023D6280322D500542364 /* List */ = {
			isa = PBXGroup;
			children = (
				3BF023DA280327EE00542364 /* Views */,
				3BF023D82803230800542364 /* ListViewController.swift */,
			);
			path = List;
			sourceTree = "<group>";
		};
		3BF023D7280322DE00542364 /* Todo */ = {
			isa = PBXGroup;
			children = (
				3BF023E028032CD900542364 /* TodoViewController.swift */,
			);
			path = Todo;
			sourceTree = "<group>";
		};
		3BF023DA280327EE00542364 /* Views */ = {
			isa = PBXGroup;
			children = (
				3BF023DB280327FF00542364 /* ListCell.swift */,
			);
			path = Views;
			sourceTree = "<group>";
		};
		3BF023DD28032B2400542364 /* Utils */ = {
			isa = PBXGroup;
			children = (
				3BF023DE28032B3500542364 /* RandomColor.swift */,
				3BF023E8280344ED00542364 /* ViewValues.swift */,
				3BF023EA2803468C00542364 /* TextValues.swift */,
				3BF023EC2803476F00542364 /* Icons.swift */,
			);
			path = Utils;
			sourceTree = "<group>";
		};
		3BF023E228033B6F00542364 /* Storage */ = {
			isa = PBXGroup;
			children = (
				3BF023E328033B8000542364 /* CoreData */,
			);
			path = Storage;
			sourceTree = "<group>";
		};
		3BF023E328033B8000542364 /* CoreData */ = {
			isa = PBXGroup;
			children = (
				3BF023C72803228300542364 /* Todo_List.xcdatamodeld */,
				3BF023E428033B9400542364 /* DataManager.swift */,
				3BF023E628033C3900542364 /* DataManager+List.swift */,
			);
			path = CoreData;
			sourceTree = "<group>";
		};
/* End PBXGroup section */

/* Begin PBXNativeTarget section */
		3BF023BA2803228300542364 /* Todo List */ = {
			isa = PBXNativeTarget;
			buildConfigurationList = 3BF023D22803228400542364 /* Build configuration list for PBXNativeTarget "Todo List" */;
			buildPhases = (
				3BF023B72803228300542364 /* Sources */,
				3BF023B82803228300542364 /* Frameworks */,
				3BF023B92803228300542364 /* Resources */,
			);
			buildRules = (
			);
			dependencies = (
			);
			name = "Todo List";
			productName = "Todo List";
			productReference = 3BF023BB2803228300542364 /* Todo List.app */;
			productType = "com.apple.product-type.application";
		};
/* End PBXNativeTarget section */

/* Begin PBXProject section */
		3BF023B32803228300542364 /* Project object */ = {
			isa = PBXProject;
			attributes = {
				BuildIndependentTargetsInParallel = 1;
				LastSwiftUpdateCheck = 1320;
				LastUpgradeCheck = 1320;
				TargetAttributes = {
					3BF023BA2803228300542364 = {
						CreatedOnToolsVersion = 13.2.1;
					};
				};
			};
			buildConfigurationList = 3BF023B62803228300542364 /* Build configuration list for PBXProject "Todo List" */;
			compatibilityVersion = "Xcode 13.0";
			developmentRegion = en;
			hasScannedForEncodings = 0;
			knownRegions = (
				en,
				Base,
			);
			mainGroup = 3BF023B22803228300542364;
			productRefGroup = 3BF023BC2803228300542364 /* Products */;
			projectDirPath = "";
			projectRoot = "";
			targets = (
				3BF023BA2803228300542364 /* Todo List */,
			);
		};
/* End PBXProject section */

/* Begin PBXResourcesBuildPhase section */
		3BF023B92803228300542364 /* Resources */ = {
			isa = PBXResourcesBuildPhase;
			buildActionMask = 2147483647;
			files = (
				3BF023CE2803228400542364 /* LaunchScreen.storyboard in Resources */,
				3BF023CB2803228400542364 /* Assets.xcassets in Resources */,
				3BF023C62803228300542364 /* Main.storyboard in Resources */,
			);
			runOnlyForDeploymentPostprocessing = 0;
		};
/* End PBXResourcesBuildPhase section */

/* Begin PBXSourcesBuildPhase section */
		3BF023B72803228300542364 /* Sources */ = {
			isa = PBXSourcesBuildPhase;
			buildActionMask = 2147483647;
			files = (
				3BF023ED2803476F00542364 /* Icons.swift in Sources */,
				3BF023EB2803468C00542364 /* TextValues.swift in Sources */,
				3BF023E128032CD900542364 /* TodoViewController.swift in Sources */,
				3BF023E528033B9400542364 /* DataManager.swift in Sources */,
				3BF023C32803228300542364 /* ViewController.swift in Sources */,
				3BF023BF2803228300542364 /* AppDelegate.swift in Sources */,
				3BF023C12803228300542364 /* SceneDelegate.swift in Sources */,
				3BF023E728033C3900542364 /* DataManager+List.swift in Sources */,
				3BF023DC280327FF00542364 /* ListCell.swift in Sources */,
				3BF023D92803230800542364 /* ListViewController.swift in Sources */,
				3BF023C92803228300542364 /* Todo_List.xcdatamodeld in Sources */,
				3BF023E9280344ED00542364 /* ViewValues.swift in Sources */,
				3BF023DF28032B3500542364 /* RandomColor.swift in Sources */,
			);
			runOnlyForDeploymentPostprocessing = 0;
		};
/* End PBXSourcesBuildPhase section */

/* Begin PBXVariantGroup section */
		3BF023C42803228300542364 /* Main.storyboard */ = {
			isa = PBXVariantGroup;
			children = (
				3BF023C52803228300542364 /* Base */,
			);
			name = Main.storyboard;
			sourceTree = "<group>";
		};
		3BF023CC2803228400542364 /* LaunchScreen.storyboard */ = {
			isa = PBXVariantGroup;
			children = (
				3BF023CD2803228400542364 /* Base */,
			);
			name = LaunchScreen.storyboard;
			sourceTree = "<group>";
		};
/* End PBXVariantGroup section */

/* Begin XCBuildConfiguration section */
		3BF023D02803228400542364 /* Debug */ = {
			isa = XCBuildConfiguration;
			buildSettings = {
				ALWAYS_SEARCH_USER_PATHS = NO;
				CLANG_ANALYZER_NONNULL = YES;
				CLANG_ANALYZER_NUMBER_OBJECT_CONVERSION = YES_AGGRESSIVE;
				CLANG_CXX_LANGUAGE_STANDARD = "gnu++17";
				CLANG_CXX_LIBRARY = "libc++";
				CLANG_ENABLE_MODULES = YES;
				CLANG_ENABLE_OBJC_ARC = YES;
				CLANG_ENABLE_OBJC_WEAK = YES;
				CLANG_WARN_BLOCK_CAPTURE_AUTORELEASING = YES;
				CLANG_WARN_BOOL_CONVERSION = YES;
				CLANG_WARN_COMMA = YES;
				CLANG_WARN_CONSTANT_CONVERSION = YES;
				CLANG_WARN_DEPRECATED_OBJC_IMPLEMENTATIONS = YES;
				CLANG_WARN_DIRECT_OBJC_ISA_USAGE = YES_ERROR;
				CLANG_WARN_DOCUMENTATION_COMMENTS = YES;
				CLANG_WARN_EMPTY_BODY = YES;
				CLANG_WARN_ENUM_CONVERSION = YES;
				CLANG_WARN_INFINITE_RECURSION = YES;
				CLANG_WARN_INT_CONVERSION = YES;
				CLANG_WARN_NON_LITERAL_NULL_CONVERSION = YES;
				CLANG_WARN_OBJC_IMPLICIT_RETAIN_SELF = YES;
				CLANG_WARN_OBJC_LITERAL_CONVERSION = YES;
				CLANG_WARN_OBJC_ROOT_CLASS = YES_ERROR;
				CLANG_WARN_QUOTED_INCLUDE_IN_FRAMEWORK_HEADER = YES;
				CLANG_WARN_RANGE_LOOP_ANALYSIS = YES;
				CLANG_WARN_STRICT_PROTOTYPES = YES;
				CLANG_WARN_SUSPICIOUS_MOVE = YES;
				CLANG_WARN_UNGUARDED_AVAILABILITY = YES_AGGRESSIVE;
				CLANG_WARN_UNREACHABLE_CODE = YES;
				CLANG_WARN__DUPLICATE_METHOD_MATCH = YES;
				COPY_PHASE_STRIP = NO;
				DEBUG_INFORMATION_FORMAT = dwarf;
				ENABLE_STRICT_OBJC_MSGSEND = YES;
				ENABLE_TESTABILITY = YES;
				GCC_C_LANGUAGE_STANDARD = gnu11;
				GCC_DYNAMIC_NO_PIC = NO;
				GCC_NO_COMMON_BLOCKS = YES;
				GCC_OPTIMIZATION_LEVEL = 0;
				GCC_PREPROCESSOR_DEFINITIONS = (
					"DEBUG=1",
					"$(inherited)",
				);
				GCC_WARN_64_TO_32_BIT_CONVERSION = YES;
				GCC_WARN_ABOUT_RETURN_TYPE = YES_ERROR;
				GCC_WARN_UNDECLARED_SELECTOR = YES;
				GCC_WARN_UNINITIALIZED_AUTOS = YES_AGGRESSIVE;
				GCC_WARN_UNUSED_FUNCTION = YES;
				GCC_WARN_UNUSED_VARIABLE = YES;
				IPHONEOS_DEPLOYMENT_TARGET = 15.2;
				MTL_ENABLE_DEBUG_INFO = INCLUDE_SOURCE;
				MTL_FAST_MATH = YES;
				ONLY_ACTIVE_ARCH = YES;
				SDKROOT = iphoneos;
				SWIFT_ACTIVE_COMPILATION_CONDITIONS = DEBUG;
				SWIFT_OPTIMIZATION_LEVEL = "-Onone";
			};
			name = Debug;
		};
		3BF023D12803228400542364 /* Release */ = {
			isa = XCBuildConfiguration;
			buildSettings = {
				ALWAYS_SEARCH_USER_PATHS = NO;
				CLANG_ANALYZER_NONNULL = YES;
				CLANG_ANALYZER_NUMBER_OBJECT_CONVERSION = YES_AGGRESSIVE;
				CLANG_CXX_LANGUAGE_STANDARD = "gnu++17";
				CLANG_CXX_LIBRARY = "libc++";
				CLANG_ENABLE_MODULES = YES;
				CLANG_ENABLE_OBJC_ARC = YES;
				CLANG_ENABLE_OBJC_WEAK = YES;
				CLANG_WARN_BLOCK_CAPTURE_AUTORELEASING = YES;
				CLANG_WARN_BOOL_CONVERSION = YES;
				CLANG_WARN_COMMA = YES;
				CLANG_WARN_CONSTANT_CONVERSION = YES;
				CLANG_WARN_DEPRECATED_OBJC_IMPLEMENTATIONS = YES;
				CLANG_WARN_DIRECT_OBJC_ISA_USAGE = YES_ERROR;
				CLANG_WARN_DOCUMENTATION_COMMENTS = YES;
				CLANG_WARN_EMPTY_BODY = YES;
				CLANG_WARN_ENUM_CONVERSION = YES;
				CLANG_WARN_INFINITE_RECURSION = YES;
				CLANG_WARN_INT_CONVERSION = YES;
				CLANG_WARN_NON_LITERAL_NULL_CONVERSION = YES;
				CLANG_WARN_OBJC_IMPLICIT_RETAIN_SELF = YES;
				CLANG_WARN_OBJC_LITERAL_CONVERSION = YES;
				CLANG_WARN_OBJC_ROOT_CLASS = YES_ERROR;
				CLANG_WARN_QUOTED_INCLUDE_IN_FRAMEWORK_HEADER = YES;
				CLANG_WARN_RANGE_LOOP_ANALYSIS = YES;
				CLANG_WARN_STRICT_PROTOTYPES = YES;
				CLANG_WARN_SUSPICIOUS_MOVE = YES;
				CLANG_WARN_UNGUARDED_AVAILABILITY = YES_AGGRESSIVE;
				CLANG_WARN_UNREACHABLE_CODE = YES;
				CLANG_WARN__DUPLICATE_METHOD_MATCH = YES;
				COPY_PHASE_STRIP = NO;
				DEBUG_INFORMATION_FORMAT = "dwarf-with-dsym";
				ENABLE_NS_ASSERTIONS = NO;
				ENABLE_STRICT_OBJC_MSGSEND = YES;
				GCC_C_LANGUAGE_STANDARD = gnu11;
				GCC_NO_COMMON_BLOCKS = YES;
				GCC_WARN_64_TO_32_BIT_CONVERSION = YES;
				GCC_WARN_ABOUT_RETURN_TYPE = YES_ERROR;
				GCC_WARN_UNDECLARED_SELECTOR = YES;
				GCC_WARN_UNINITIALIZED_AUTOS = YES_AGGRESSIVE;
				GCC_WARN_UNUSED_FUNCTION = YES;
				GCC_WARN_UNUSED_VARIABLE = YES;
				IPHONEOS_DEPLOYMENT_TARGET = 15.2;
				MTL_ENABLE_DEBUG_INFO = NO;
				MTL_FAST_MATH = YES;
				SDKROOT = iphoneos;
				SWIFT_COMPILATION_MODE = wholemodule;
				SWIFT_OPTIMIZATION_LEVEL = "-O";
				VALIDATE_PRODUCT = YES;
			};
			name = Release;
		};
		3BF023D32803228400542364 /* Debug */ = {
			isa = XCBuildConfiguration;
			buildSettings = {
				ASSETCATALOG_COMPILER_APPICON_NAME = AppIcon;
				ASSETCATALOG_COMPILER_GLOBAL_ACCENT_COLOR_NAME = AccentColor;
				CODE_SIGN_STYLE = Automatic;
				CURRENT_PROJECT_VERSION = 1;
				DEVELOPMENT_TEAM = TNSM43P2F3;
				GENERATE_INFOPLIST_FILE = YES;
				INFOPLIST_FILE = "Todo List/Info.plist";
				INFOPLIST_KEY_UIApplicationSupportsIndirectInputEvents = YES;
				INFOPLIST_KEY_UILaunchStoryboardName = LaunchScreen;
				INFOPLIST_KEY_UISupportedInterfaceOrientations_iPad = "UIInterfaceOrientationPortrait UIInterfaceOrientationPortraitUpsideDown UIInterfaceOrientationLandscapeLeft UIInterfaceOrientationLandscapeRight";
				INFOPLIST_KEY_UISupportedInterfaceOrientations_iPhone = "UIInterfaceOrientationPortrait UIInterfaceOrientationLandscapeLeft UIInterfaceOrientationLandscapeRight";
				LD_RUNPATH_SEARCH_PATHS = (
					"$(inherited)",
					"@executable_path/Frameworks",
				);
				MARKETING_VERSION = 1.0;
				PRODUCT_BUNDLE_IDENTIFIER = "com.javiercueto.Todo-List";
				PRODUCT_NAME = "$(TARGET_NAME)";
				SWIFT_EMIT_LOC_STRINGS = YES;
				SWIFT_VERSION = 5.0;
				TARGETED_DEVICE_FAMILY = "1,2";
			};
			name = Debug;
		};
		3BF023D42803228400542364 /* Release */ = {
			isa = XCBuildConfiguration;
			buildSettings = {
				ASSETCATALOG_COMPILER_APPICON_NAME = AppIcon;
				ASSETCATALOG_COMPILER_GLOBAL_ACCENT_COLOR_NAME = AccentColor;
				CODE_SIGN_STYLE = Automatic;
				CURRENT_PROJECT_VERSION = 1;
				DEVELOPMENT_TEAM = TNSM43P2F3;
				GENERATE_INFOPLIST_FILE = YES;
				INFOPLIST_FILE = "Todo List/Info.plist";
				INFOPLIST_KEY_UIApplicationSupportsIndirectInputEvents = YES;
				INFOPLIST_KEY_UILaunchStoryboardName = LaunchScreen;
				INFOPLIST_KEY_UISupportedInterfaceOrientations_iPad = "UIInterfaceOrientationPortrait UIInterfaceOrientationPortraitUpsideDown UIInterfaceOrientationLandscapeLeft UIInterfaceOrientationLandscapeRight";
				INFOPLIST_KEY_UISupportedInterfaceOrientations_iPhone = "UIInterfaceOrientationPortrait UIInterfaceOrientationLandscapeLeft UIInterfaceOrientationLandscapeRight";
				LD_RUNPATH_SEARCH_PATHS = (
					"$(inherited)",
					"@executable_path/Frameworks",
				);
				MARKETING_VERSION = 1.0;
				PRODUCT_BUNDLE_IDENTIFIER = "com.javiercueto.Todo-List";
				PRODUCT_NAME = "$(TARGET_NAME)";
				SWIFT_EMIT_LOC_STRINGS = YES;
				SWIFT_VERSION = 5.0;
				TARGETED_DEVICE_FAMILY = "1,2";
			};
			name = Release;
		};
/* End XCBuildConfiguration section */

/* Begin XCConfigurationList section */
		3BF023B62803228300542364 /* Build configuration list for PBXProject "Todo List" */ = {
			isa = XCConfigurationList;
			buildConfigurations = (
				3BF023D02803228400542364 /* Debug */,
				3BF023D12803228400542364 /* Release */,
			);
			defaultConfigurationIsVisible = 0;
			defaultConfigurationName = Release;
		};
		3BF023D22803228400542364 /* Build configuration list for PBXNativeTarget "Todo List" */ = {
			isa = XCConfigurationList;
			buildConfigurations = (
				3BF023D32803228400542364 /* Debug */,
				3BF023D42803228400542364 /* Release */,
			);
			defaultConfigurationIsVisible = 0;
			defaultConfigurationName = Release;
		};
/* End XCConfigurationList section */

/* Begin XCVersionGroup section */
		3BF023C72803228300542364 /* Todo_List.xcdatamodeld */ = {
			isa = XCVersionGroup;
			children = (
				3BF023C82803228300542364 /* Todo_List.xcdatamodel */,
			);
			currentVersion = 3BF023C82803228300542364 /* Todo_List.xcdatamodel */;
			path = Todo_List.xcdatamodeld;
			sourceTree = "<group>";
			versionGroupType = wrapper.xcdatamodel;
		};
/* End XCVersionGroup section */
	};
	rootObject = 3BF023B32803228300542364 /* Project object */;
}
